
Microsoft Visual Studio Solution File, Format Version 12.00
# Visual Studio Version 16
VisualStudioVersion = 16.0.30709.132
MinimumVisualStudioVersion = 10.0.40219.1
Project("{2150E333-8FDC-42A3-9474-1A3956D46DE8}") = "exercice", "exercice", "{33CF8954-9A91-4B9B-A856-B59F9ECFBC93}"
EndProject
Project("{2150E333-8FDC-42A3-9474-1A3956D46DE8}") = "project", "project", "{2F311A45-2C87-4AA4-95DE-D2085698AA71}"
EndProject
Project("{2150E333-8FDC-42A3-9474-1A3956D46DE8}") = "config", "config", "{8E8CA715-10DB-495F-918B-8E529B6684EF}"
	ProjectSection(SolutionItems) = preProject
		config.xml = config.xml
	EndProjectSection
EndProject
Project("{FAE04EC0-301F-11D3-BF4B-00C04F79EFBC}") = "dotNet5781_00_7438_2867", "exercice\dotNet5781_00_7438_2867\dotNet5781_00_7438_2867.csproj", "{6E4A869F-6752-48FE-97BD-EC6EE4937A8C}"
EndProject
Project("{FAE04EC0-301F-11D3-BF4B-00C04F79EFBC}") = "dotNet5781_01_7438_2867", "exercice\dotNet5781_01_7438_2867\dotNet5781_01_7438_2867.csproj", "{4FBDA1CA-942E-4180-937D-A337E0A80028}"
EndProject
Project("{FAE04EC0-301F-11D3-BF4B-00C04F79EFBC}") = "dotNet5781_02_7438_2867", "exercice\dotNet5781_02_7438_2867\dotNet5781_02_7438_2867.csproj", "{C4E089E3-F565-49D9-8140-4FE2D72587F5}"
EndProject
Project("{FAE04EC0-301F-11D3-BF4B-00C04F79EFBC}") = "dotNet5781_03A_7438_2867", "exercice\dotNet5781_03A_7438_2867\dotNet5781_03A_7438_2867.csproj", "{9973C589-EB3B-4BA9-ADFB-B1D349ADD021}"
EndProject
Project("{FAE04EC0-301F-11D3-BF4B-00C04F79EFBC}") = "dotNet5781_03B_7438_2867", "exercice\dotNet5781_03B_7438_2867\dotNet5781_03B_7438_2867.csproj", "{83BE5799-351C-494B-A9F8-480303DC3102}"
EndProject
Project("{FAE04EC0-301F-11D3-BF4B-00C04F79EFBC}") = "BL", "project\BL\BL.csproj", "{5F9A36C9-9BC7-478D-B865-2FD5B594CE1A}"
EndProject
Project("{FAE04EC0-301F-11D3-BF4B-00C04F79EFBC}") = "DS", "project\DS\DS.csproj", "{9177F9F1-1D27-4EF1-AD4F-DB7D96D56899}"
EndProject
Project("{FAE04EC0-301F-11D3-BF4B-00C04F79EFBC}") = "PL", "project\PL\PL.csproj", "{7E0F579A-1378-4A02-A83F-30CB5DE99BB4}"
EndProject
Project("{FAE04EC0-301F-11D3-BF4B-00C04F79EFBC}") = "DLObject", "project\DLOBJECT\DLObject.csproj", "{60971145-F586-4E45-97E6-E614BACD5FF6}"
EndProject
Project("{FAE04EC0-301F-11D3-BF4B-00C04F79EFBC}") = "DLAPI", "project\DALPI\DLAPI.csproj", "{D3C2167A-1BC7-41B0-81A4-600A9424B184}"
EndProject
Project("{2150E333-8FDC-42A3-9474-1A3956D46DE8}") = "images", "images", "{F8F40344-AD9E-44EB-922C-1D0F6EACE789}"
	ProjectSection(SolutionItems) = preProject
		images\LOGO.png = images\LOGO.png
		images\newLogo.jpeg = images\newLogo.jpeg
	EndProjectSection
EndProject
Global
	GlobalSection(SolutionConfigurationPlatforms) = preSolution
		Debug|Any CPU = Debug|Any CPU
		Release|Any CPU = Release|Any CPU
	EndGlobalSection
	GlobalSection(ProjectConfigurationPlatforms) = postSolution
		{6E4A869F-6752-48FE-97BD-EC6EE4937A8C}.Debug|Any CPU.ActiveCfg = Debug|Any CPU
		{6E4A869F-6752-48FE-97BD-EC6EE4937A8C}.Debug|Any CPU.Build.0 = Debug|Any CPU
		{6E4A869F-6752-48FE-97BD-EC6EE4937A8C}.Release|Any CPU.ActiveCfg = Release|Any CPU
		{6E4A869F-6752-48FE-97BD-EC6EE4937A8C}.Release|Any CPU.Build.0 = Release|Any CPU
		{4FBDA1CA-942E-4180-937D-A337E0A80028}.Debug|Any CPU.ActiveCfg = Debug|Any CPU
		{4FBDA1CA-942E-4180-937D-A337E0A80028}.Debug|Any CPU.Build.0 = Debug|Any CPU
		{4FBDA1CA-942E-4180-937D-A337E0A80028}.Release|Any CPU.ActiveCfg = Release|Any CPU
		{4FBDA1CA-942E-4180-937D-A337E0A80028}.Release|Any CPU.Build.0 = Release|Any CPU
		{C4E089E3-F565-49D9-8140-4FE2D72587F5}.Debug|Any CPU.ActiveCfg = Debug|Any CPU
		{C4E089E3-F565-49D9-8140-4FE2D72587F5}.Debug|Any CPU.Build.0 = Debug|Any CPU
		{C4E089E3-F565-49D9-8140-4FE2D72587F5}.Release|Any CPU.ActiveCfg = Release|Any CPU
		{C4E089E3-F565-49D9-8140-4FE2D72587F5}.Release|Any CPU.Build.0 = Release|Any CPU
		{9973C589-EB3B-4BA9-ADFB-B1D349ADD021}.Debug|Any CPU.ActiveCfg = Debug|Any CPU
		{9973C589-EB3B-4BA9-ADFB-B1D349ADD021}.Debug|Any CPU.Build.0 = Debug|Any CPU
		{9973C589-EB3B-4BA9-ADFB-B1D349ADD021}.Release|Any CPU.ActiveCfg = Release|Any CPU
		{9973C589-EB3B-4BA9-ADFB-B1D349ADD021}.Release|Any CPU.Build.0 = Release|Any CPU
		{83BE5799-351C-494B-A9F8-480303DC3102}.Debug|Any CPU.ActiveCfg = Debug|Any CPU
		{83BE5799-351C-494B-A9F8-480303DC3102}.Debug|Any CPU.Build.0 = Debug|Any CPU
		{83BE5799-351C-494B-A9F8-480303DC3102}.Release|Any CPU.ActiveCfg = Release|Any CPU
		{83BE5799-351C-494B-A9F8-480303DC3102}.Release|Any CPU.Build.0 = Release|Any CPU
		{5F9A36C9-9BC7-478D-B865-2FD5B594CE1A}.Debug|Any CPU.ActiveCfg = Debug|Any CPU
		{5F9A36C9-9BC7-478D-B865-2FD5B594CE1A}.Debug|Any CPU.Build.0 = Debug|Any CPU
		{5F9A36C9-9BC7-478D-B865-2FD5B594CE1A}.Release|Any CPU.ActiveCfg = Release|Any CPU
		{5F9A36C9-9BC7-478D-B865-2FD5B594CE1A}.Release|Any CPU.Build.0 = Release|Any CPU
		{9177F9F1-1D27-4EF1-AD4F-DB7D96D56899}.Debug|Any CPU.ActiveCfg = Debug|Any CPU
		{9177F9F1-1D27-4EF1-AD4F-DB7D96D56899}.Debug|Any CPU.Build.0 = Debug|Any CPU
		{9177F9F1-1D27-4EF1-AD4F-DB7D96D56899}.Release|Any CPU.ActiveCfg = Release|Any CPU
		{9177F9F1-1D27-4EF1-AD4F-DB7D96D56899}.Release|Any CPU.Build.0 = Release|Any CPU
		{7E0F579A-1378-4A02-A83F-30CB5DE99BB4}.Debug|Any CPU.ActiveCfg = Debug|Any CPU
		{7E0F579A-1378-4A02-A83F-30CB5DE99BB4}.Debug|Any CPU.Build.0 = Debug|Any CPU
		{7E0F579A-1378-4A02-A83F-30CB5DE99BB4}.Release|Any CPU.ActiveCfg = Release|Any CPU
		{7E0F579A-1378-4A02-A83F-30CB5DE99BB4}.Release|Any CPU.Build.0 = Release|Any CPU
		{60971145-F586-4E45-97E6-E614BACD5FF6}.Debug|Any CPU.ActiveCfg = Debug|Any CPU
		{60971145-F586-4E45-97E6-E614BACD5FF6}.Debug|Any CPU.Build.0 = Debug|Any CPU
		{60971145-F586-4E45-97E6-E614BACD5FF6}.Release|Any CPU.ActiveCfg = Release|Any CPU
		{60971145-F586-4E45-97E6-E614BACD5FF6}.Release|Any CPU.Build.0 = Release|Any CPU
		{D3C2167A-1BC7-41B0-81A4-600A9424B184}.Debug|Any CPU.ActiveCfg = Debug|Any CPU
		{D3C2167A-1BC7-41B0-81A4-600A9424B184}.Debug|Any CPU.Build.0 = Debug|Any CPU
		{D3C2167A-1BC7-41B0-81A4-600A9424B184}.Release|Any CPU.ActiveCfg = Release|Any CPU
		{D3C2167A-1BC7-41B0-81A4-600A9424B184}.Release|Any CPU.Build.0 = Release|Any CPU
	EndGlobalSection
	GlobalSection(SolutionProperties) = preSolution
		HideSolutionNode = FALSE
	EndGlobalSection
	GlobalSection(NestedProjects) = preSolution
		{8E8CA715-10DB-495F-918B-8E529B6684EF} = {2F311A45-2C87-4AA4-95DE-D2085698AA71}
		{6E4A869F-6752-48FE-97BD-EC6EE4937A8C} = {33CF8954-9A91-4B9B-A856-B59F9ECFBC93}
		{4FBDA1CA-942E-4180-937D-A337E0A80028} = {33CF8954-9A91-4B9B-A856-B59F9ECFBC93}
		{C4E089E3-F565-49D9-8140-4FE2D72587F5} = {33CF8954-9A91-4B9B-A856-B59F9ECFBC93}
		{9973C589-EB3B-4BA9-ADFB-B1D349ADD021} = {33CF8954-9A91-4B9B-A856-B59F9ECFBC93}
		{83BE5799-351C-494B-A9F8-480303DC3102} = {33CF8954-9A91-4B9B-A856-B59F9ECFBC93}
		{5F9A36C9-9BC7-478D-B865-2FD5B594CE1A} = {2F311A45-2C87-4AA4-95DE-D2085698AA71}
		{9177F9F1-1D27-4EF1-AD4F-DB7D96D56899} = {2F311A45-2C87-4AA4-95DE-D2085698AA71}
		{7E0F579A-1378-4A02-A83F-30CB5DE99BB4} = {2F311A45-2C87-4AA4-95DE-D2085698AA71}
		{60971145-F586-4E45-97E6-E614BACD5FF6} = {2F311A45-2C87-4AA4-95DE-D2085698AA71}
		{D3C2167A-1BC7-41B0-81A4-600A9424B184} = {2F311A45-2C87-4AA4-95DE-D2085698AA71}
	EndGlobalSection
	GlobalSection(ExtensibilityGlobals) = postSolution
		SolutionGuid = {59729C31-98F7-487B-81CC-F22C8C9BFD09}
	EndGlobalSection
EndGlobal
