
Microsoft Visual Studio Solution File, Format Version 12.00
# Visual Studio Version 16
VisualStudioVersion = 16.0.30711.63
MinimumVisualStudioVersion = 10.0.40219.1
Project("{FAE04EC0-301F-11D3-BF4B-00C04F79EFBC}") = "dotNet5781_03B_7438_2867", "dotNet5781_03B_7438_2867\dotNet5781_03B_7438_2867.csproj", "{83BE5799-351C-494B-A9F8-480303DC3102}"
EndProject
Global
	GlobalSection(SolutionConfigurationPlatforms) = preSolution
		Debug|Any CPU = Debug|Any CPU
		Release|Any CPU = Release|Any CPU
	EndGlobalSection
	GlobalSection(ProjectConfigurationPlatforms) = postSolution
		{83BE5799-351C-494B-A9F8-480303DC3102}.Debug|Any CPU.ActiveCfg = Debug|Any CPU
		{83BE5799-351C-494B-A9F8-480303DC3102}.Debug|Any CPU.Build.0 = Debug|Any CPU
		{83BE5799-351C-494B-A9F8-480303DC3102}.Release|Any CPU.ActiveCfg = Release|Any CPU
		{83BE5799-351C-494B-A9F8-480303DC3102}.Release|Any CPU.Build.0 = Release|Any CPU
	EndGlobalSection
	GlobalSection(SolutionProperties) = preSolution
		HideSolutionNode = FALSE
	EndGlobalSection
	GlobalSection(ExtensibilityGlobals) = postSolution
		SolutionGuid = {8395A6D3-4712-4964-B17F-125AECD44D51}
	EndGlobalSection
EndGlobal
