
Microsoft Visual Studio Solution File, Format Version 12.00
# Visual Studio Version 16
VisualStudioVersion = 16.0.30611.23
MinimumVisualStudioVersion = 10.0.40219.1
Project("{FAE04EC0-301F-11D3-BF4B-00C04F79EFBC}") = "dotNet5781_01_7438_2867", "dotNet5781_01_7438_2867\dotNet5781_01_7438_2867.csproj", "{4FBDA1CA-942E-4180-937D-A337E0A80028}"
EndProject
Global
	GlobalSection(SolutionConfigurationPlatforms) = preSolution
		Debug|Any CPU = Debug|Any CPU
		Release|Any CPU = Release|Any CPU
	EndGlobalSection
	GlobalSection(ProjectConfigurationPlatforms) = postSolution
		{4FBDA1CA-942E-4180-937D-A337E0A80028}.Debug|Any CPU.ActiveCfg = Debug|Any CPU
		{4FBDA1CA-942E-4180-937D-A337E0A80028}.Debug|Any CPU.Build.0 = Debug|Any CPU
		{4FBDA1CA-942E-4180-937D-A337E0A80028}.Release|Any CPU.ActiveCfg = Release|Any CPU
		{4FBDA1CA-942E-4180-937D-A337E0A80028}.Release|Any CPU.Build.0 = Release|Any CPU
	EndGlobalSection
	GlobalSection(SolutionProperties) = preSolution
		HideSolutionNode = FALSE
	EndGlobalSection
	GlobalSection(ExtensibilityGlobals) = postSolution
		SolutionGuid = {3CD63A67-6038-42B6-A228-2441A4ED20B2}
	EndGlobalSection
EndGlobal
